<Solution Description="Visual Studio slnx file generated by Premake" Version="1.4">
  <Configurations>
    <BuildType Name="Debug" />
    <BuildType Name="Dist" />
    <BuildType Name="Release" />
    <Platform Name="x64" />
  </Configurations>
  <Project Path="Mist\Mist.vcxproj" Id="A216897C-8E4D-8A0D-373A-70102350060F">
  </Project>
  <Project Path="Mistwraith\Mistwraith.vcxproj" Id="31D3B754-1D8B-F9A1-8692-D2FD72699492" DefaultStartup="true">
  </Project>
  <Project Path="Sandbox\Sandbox.vcxproj" Id="F4C124E3-60A1-A37E-69B9-2E55D5170AE0">
  </Project>
  <Project Path="ScriptEngine\ScriptEngine.csproj" Id="308A4845-1CED-D7E9-C572-10A0B1B4A36C">
  </Project>
  <Folder Name="/Dependencies/">
    <Project Path="Mist\vendor\GLAD\GLAD.vcxproj" Id="5D4A857C-4981-860D-F26D-6C10DE83020F">
    </Project>
    <Project Path="Mist\vendor\GLFW\GLFW.vcxproj" Id="154B857C-0182-860D-AA6E-6C109684020F">
    </Project>
    <Project Path="Mist\vendor\ImGui\ImGui.vcxproj" Id="C0FF640D-2C14-8DBE-F595-301E616989EF">
    </Project>
    <Project Path="Mist\vendor\yaml-cpp\yaml-cpp.vcxproj" Id="88F1A057-74BE-FB62-9DD7-E90A890331F1">
    </Project>
  </Folder>
</Solution>